
Microsoft Visual Studio Solution File, Format Version 12.00
# Visual Studio Version 16
VisualStudioVersion = 16.0.31129.286
MinimumVisualStudioVersion = 10.0.40219.1
Project("{FAE04EC0-301F-11D3-BF4B-00C04F79EFBC}") = "NumberamaWebApi", "NumberamaWebApi\NumberamaWebApi.csproj", "{1D387E60-E8A8-4E26-BC52-061695A6DF0F}"
EndProject
Global
	GlobalSection(SolutionConfigurationPlatforms) = preSolution
		Debug|Any CPU = Debug|Any CPU
		Release|Any CPU = Release|Any CPU
	EndGlobalSection
	GlobalSection(ProjectConfigurationPlatforms) = postSolution
		{1D387E60-E8A8-4E26-BC52-061695A6DF0F}.Debug|Any CPU.ActiveCfg = Debug|Any CPU
		{1D387E60-E8A8-4E26-BC52-061695A6DF0F}.Debug|Any CPU.Build.0 = Debug|Any CPU
		{1D387E60-E8A8-4E26-BC52-061695A6DF0F}.Release|Any CPU.ActiveCfg = Release|Any CPU
		{1D387E60-E8A8-4E26-BC52-061695A6DF0F}.Release|Any CPU.Build.0 = Release|Any CPU
	EndGlobalSection
	GlobalSection(SolutionProperties) = preSolution
		HideSolutionNode = FALSE
	EndGlobalSection
	GlobalSection(ExtensibilityGlobals) = postSolution
		SolutionGuid = {06CA1AED-5CD8-4FFF-B88A-3BE9A6B22CA9}
	EndGlobalSection
EndGlobal
